
Microsoft Visual Studio Solution File, Format Version 12.00
Project("{FAE04EC0-301F-11D3-BF4B-00C04F79EFBC}") = "Sokoban2024", "Sokoban2024.csproj", "{73CE78B6-30AB-47F9-A5D1-0FDDEC2DFD3A}"
EndProject
Global
	GlobalSection(SolutionConfigurationPlatforms) = preSolution
		Debug|Any CPU = Debug|Any CPU
		Release|Any CPU = Release|Any CPU
	EndGlobalSection
	GlobalSection(ProjectConfigurationPlatforms) = postSolution
		{73CE78B6-30AB-47F9-A5D1-0FDDEC2DFD3A}.Debug|Any CPU.ActiveCfg = Debug|Any CPU
		{73CE78B6-30AB-47F9-A5D1-0FDDEC2DFD3A}.Debug|Any CPU.Build.0 = Debug|Any CPU
		{73CE78B6-30AB-47F9-A5D1-0FDDEC2DFD3A}.Release|Any CPU.ActiveCfg = Release|Any CPU
		{73CE78B6-30AB-47F9-A5D1-0FDDEC2DFD3A}.Release|Any CPU.Build.0 = Release|Any CPU
	EndGlobalSection
EndGlobal
